{
  "nodes": {
    "auto-dark-mode": {
      "flake": false,
      "locked": {
        "lastModified": 1774803352,
        "narHash": "sha256-xTgRyct3L6Gcz/vdYSc+h2IUgi/+Lh1Q4mxJwHISeis=",
        "owner": "f-person",
        "repo": "auto-dark-mode.nvim",
        "rev": "54058b4fe414bd64bd2904a6f8a63f1f14e3d8df",
        "type": "github"
      },
      "original": {
        "owner": "f-person",
        "repo": "auto-dark-mode.nvim",
        "type": "github"
      }
    },
    "bencher": {
      "inputs": {
        "flake-utils": "flake-utils",
        "nixpkgs": [
          "nixpkgs"
        ],
        "rust-overlay": "rust-overlay"
      },
      "locked": {
        "lastModified": 1782019786,
        "narHash": "sha256-MlRj56QXRrvfBxi6+B6vpEKlDWMFB+V1CzQYOiGFpHE=",
        "owner": "bencherdev",
        "repo": "bencher",
        "rev": "5f9d4cf890255c35e0354af1ed325108a6a0babd",
        "type": "github"
      },
      "original": {
        "owner": "bencherdev",
        "ref": "v0.6.8",
        "repo": "bencher",
        "type": "github"
      }
    },
    "crane": {
      "locked": {
        "lastModified": 1778106249,
        "narHash": "sha256-cM/AuKy5tMhwOOQIbha8ZRRMHVfNf7cv2aljIw+qoCg=",
        "owner": "ipetkov",
        "repo": "crane",
        "rev": "6d015ea29630b7ad2402841386da2cb617a470a7",
        "type": "github"
      },
      "original": {
        "owner": "ipetkov",
        "repo": "crane",
        "type": "github"
      }
    },
    "crane_2": {
      "locked": {
        "lastModified": 1780099841,
        "narHash": "sha256-EVZd2RsbpreRUDSi9rBwPY+ZxoyMaiEBbZxxhljbaS4=",
        "owner": "ipetkov",
        "repo": "crane",
        "rev": "0532eb17955225173906d671fb36306bdeb1e2dc",
        "type": "github"
      },
      "original": {
        "owner": "ipetkov",
        "repo": "crane",
        "type": "github"
      }
    },
    "direnv-nvim": {
      "flake": false,
      "locked": {
        "lastModified": 1759863545,
        "narHash": "sha256-p2im4nUV0n9HQsjCA9oGJvTADfKGlCEr/RYWGlUszuU=",
        "owner": "actionshrimp",
        "repo": "direnv.nvim",
        "rev": "0d2edd378dbdf2c653869772d761ad914219ba9d",
        "type": "github"
      },
      "original": {
        "owner": "actionshrimp",
        "repo": "direnv.nvim",
        "type": "github"
      }
    },
    "flake-compat": {
      "flake": false,
      "locked": {
        "lastModified": 1777699697,
        "narHash": "sha256-Eg9b/rq/ECYwNwEXs5i9wHyhxNI0JrYx2srdI2uZMaQ=",
        "ref": "refs/heads/main",
        "rev": "382052b74656a369c5408822af3f2501e9b1af81",
        "revCount": 94,
        "type": "git",
        "url": "https://git.lix.systems/lix-project/flake-compat.git"
      },
      "original": {
        "type": "git",
        "url": "https://git.lix.systems/lix-project/flake-compat.git"
      }
    },
    "flake-parts": {
      "inputs": {
        "nixpkgs-lib": "nixpkgs-lib"
      },
      "locked": {
        "lastModified": 1775087534,
        "narHash": "sha256-91qqW8lhL7TLwgQWijoGBbiD4t7/q75KTi8NxjVmSmA=",
        "owner": "hercules-ci",
        "repo": "flake-parts",
        "rev": "3107b77cd68437b9a76194f0f7f9c55f2329ca5b",
        "type": "github"
      },
      "original": {
        "owner": "hercules-ci",
        "repo": "flake-parts",
        "type": "github"
      }
    },
    "flake-parts_2": {
      "inputs": {
        "nixpkgs-lib": [
          "hyprshell",
          "nixpkgs"
        ]
      },
      "locked": {
        "lastModified": 1777988971,
        "narHash": "sha256-qIoWPDs+0/8JecyYgE3gpKQxW/4bLW/gp45vow9ioCQ=",
        "owner": "hercules-ci",
        "repo": "flake-parts",
        "rev": "0678d8986be1661af6bb555f3489f2fdfc31f6ff",
        "type": "github"
      },
      "original": {
        "owner": "hercules-ci",
        "repo": "flake-parts",
        "type": "github"
      }
    },
    "flake-parts_3": {
      "inputs": {
        "nixpkgs-lib": [
          "nvf",
          "nixpkgs"
        ]
      },
      "locked": {
        "lastModified": 1778716662,
        "narHash": "sha256-m1Yf0wZ8j1OHjTc2UwHwyQRSnNeSgLJOd7q5Y45hzi4=",
        "owner": "hercules-ci",
        "repo": "flake-parts",
        "rev": "f7c1a2d347e4c52d5fb8d10cb4d94b5884e546fb",
        "type": "github"
      },
      "original": {
        "owner": "hercules-ci",
        "repo": "flake-parts",
        "type": "github"
      }
    },
    "flake-utils": {
      "inputs": {
        "systems": "systems"
      },
      "locked": {
        "lastModified": 1731533236,
        "narHash": "sha256-l0KFg5HjrsfsO/JpG+r7fRrqm12kzFHyUHqHCVpMMbI=",
        "owner": "numtide",
        "repo": "flake-utils",
        "rev": "11707dc2f618dd54ca8739b309ec4fc024de578b",
        "type": "github"
      },
      "original": {
        "owner": "numtide",
        "repo": "flake-utils",
        "type": "github"
      }
    },
    "flake-utils_2": {
      "inputs": {
        "systems": "systems_3"
      },
      "locked": {
        "lastModified": 1731533236,
        "narHash": "sha256-l0KFg5HjrsfsO/JpG+r7fRrqm12kzFHyUHqHCVpMMbI=",
        "owner": "numtide",
        "repo": "flake-utils",
        "rev": "11707dc2f618dd54ca8739b309ec4fc024de578b",
        "type": "github"
      },
      "original": {
        "owner": "numtide",
        "repo": "flake-utils",
        "type": "github"
      }
    },
    "home-manager": {
      "inputs": {
        "nixpkgs": [
          "nixpkgs"
        ]
      },
      "locked": {
        "lastModified": 1781981105,
        "narHash": "sha256-/1nNBbA7PrSQpTc9Qazkhl4kIPg+TNl0CjxS3UQJKlw=",
        "owner": "nix-community",
        "repo": "home-manager",
        "rev": "7bfff44b465909f69a442701293bc0badcf476dc",
        "type": "github"
      },
      "original": {
        "owner": "nix-community",
        "ref": "release-26.05",
        "repo": "home-manager",
        "type": "github"
      }
    },
    "home-manager_2": {
      "inputs": {
        "nixpkgs": [
          "hyprshell",
          "nixpkgs"
        ]
      },
      "locked": {
        "lastModified": 1778444552,
        "narHash": "sha256-f18pIiR9q/p1vHY93gmAum7aHhQOG49oGvAB9+lptRo=",
        "owner": "nix-community",
        "repo": "home-manager",
        "rev": "dcebe66f958673729896eec2de4abfd86ef22d21",
        "type": "github"
      },
      "original": {
        "owner": "nix-community",
        "repo": "home-manager",
        "type": "github"
      }
    },
    "hyprshell": {
      "inputs": {
        "crane": "crane",
        "flake-parts": "flake-parts_2",
        "home-manager": "home-manager_2",
        "nixpkgs": [
          "nixpkgs-unstable"
        ]
      },
      "locked": {
        "lastModified": 1778772315,
        "narHash": "sha256-9W8qV4TW1c+vhrdgvbdL/9aA1lYrut51mjC8ZUfJ1zM=",
        "owner": "H3rmt",
        "repo": "hyprshell",
        "rev": "1d8736d4055268dd258913c538ac1643182e6f36",
        "type": "github"
      },
      "original": {
        "owner": "H3rmt",
        "repo": "hyprshell",
        "type": "github"
      }
    },
    "microvm": {
      "inputs": {
        "nixpkgs": [
          "nixpkgs"
        ],
        "spectrum": "spectrum"
      },
      "locked": {
        "lastModified": 1782617784,
        "narHash": "sha256-E7D4JZ/mWUNvVLXWyA2Wi6lUBak3XDj3HRMXOqub2QQ=",
        "ref": "refs/pull/493/head",
        "rev": "396f5f28dae959f0a66fed7b2fc2d09b74cc69e6",
        "revCount": 1143,
        "type": "git",
        "url": "https://github.com/microvm-nix/microvm.nix"
      },
      "original": {
        "ref": "refs/pull/493/head",
        "rev": "396f5f28dae959f0a66fed7b2fc2d09b74cc69e6",
        "type": "git",
        "url": "https://github.com/microvm-nix/microvm.nix"
      }
    },
    "mnw": {
      "locked": {
        "lastModified": 1778541201,
        "narHash": "sha256-n0twkzWexzjsoDycOTvvQNuGEdg62UiNHYcFCduYpKI=",
        "owner": "Gerg-L",
        "repo": "mnw",
        "rev": "1a3573fc9d2486738fe0b2cacc5cd10dd5f3a445",
        "type": "github"
      },
      "original": {
        "owner": "Gerg-L",
        "repo": "mnw",
        "type": "github"
      }
    },
    "ndg": {
      "inputs": {
        "nixpkgs": [
          "nvf",
          "nixpkgs"
        ]
      },
      "locked": {
        "lastModified": 1779233504,
        "narHash": "sha256-YIKEyzh0NFQlD0O92LQQNMoVCDwV8yw1Xz0Iu+4ZC5U=",
        "owner": "feel-co",
        "repo": "ndg",
        "rev": "86f6644411a64d5413711895b7cf6e0e1be465b6",
        "type": "github"
      },
      "original": {
        "owner": "feel-co",
        "ref": "refs/tags/v2.8.0",
        "repo": "ndg",
        "type": "github"
      }
    },
    "nixpkgs": {
      "locked": {
        "lastModified": 1744536153,
        "narHash": "sha256-awS2zRgF4uTwrOKwwiJcByDzDOdo3Q1rPZbiHQg/N38=",
        "owner": "NixOS",
        "repo": "nixpkgs",
        "rev": "18dd725c29603f582cf1900e0d25f9f1063dbf11",
        "type": "github"
      },
      "original": {
        "owner": "NixOS",
        "ref": "nixpkgs-unstable",
        "repo": "nixpkgs",
        "type": "github"
      }
    },
    "nixpkgs-lib": {
      "locked": {
        "lastModified": 1774748309,
        "narHash": "sha256-+U7gF3qxzwD5TZuANzZPeJTZRHS29OFQgkQ2kiTJBIQ=",
        "owner": "nix-community",
        "repo": "nixpkgs.lib",
        "rev": "333c4e0545a6da976206c74db8773a1645b5870a",
        "type": "github"
      },
      "original": {
        "owner": "nix-community",
        "repo": "nixpkgs.lib",
        "type": "github"
      }
    },
    "nixpkgs-master": {
      "locked": {
        "lastModified": 1791214695,
        "narHash": "sha256-daRJnu68x8/bsU4cEwjx/W2VQk8Yjp3X6OEkS/dQYL0=",
        "owner": "NixOS",
        "repo": "nixpkgs",
        "rev": "f4225a23aea504c7cb3806f08537c0b795d61147",
        "type": "github"
      },
      "original": {
        "owner": "NixOS",
        "ref": "master",
        "repo": "nixpkgs",
        "type": "github"
      }
    },
    "nixpkgs-unstable": {
      "locked": {
        "lastModified": 1791048980,
        "narHash": "sha256-KgItSKML8Xvte0B7/uGnBDsYzSnnKHcOaiUbgWBXLXw=",
        "owner": "NixOS",
        "repo": "nixpkgs",
        "rev": "a7868a727837f3c09cee2ce0ca671c76b1589fed",
        "type": "github"
      },
      "original": {
        "owner": "NixOS",
        "ref": "nixos-unstable",
        "repo": "nixpkgs",
        "type": "github"
      }
    },
    "nixpkgs_2": {
      "locked": {
        "lastModified": 1782535326,
        "narHash": "sha256-ZeRxu4yn6shd3SNF5ZUQb4r7BaVo1zBKMjRhfoNSBmw=",
        "owner": "NixOS",
        "repo": "nixpkgs",
        "rev": "714a5f8c4ead6b31148d829288440ed033ccc041",
        "type": "github"
      },
      "original": {
        "owner": "NixOS",
        "ref": "nixos-26.05",
        "repo": "nixpkgs",
        "type": "github"
      }
    },
    "nvf": {
      "inputs": {
        "flake-compat": "flake-compat",
        "flake-parts": "flake-parts_3",
        "mnw": "mnw",
        "ndg": "ndg",
        "nixpkgs": [
          "nixpkgs"
        ],
        "systems": "systems_2"
      },
      "locked": {
        "lastModified": 1780511420,
        "narHash": "sha256-Ib44d47GTijSfCtcxFDliP3C9uUiLDYaAE/nVH8TQoY=",
        "owner": "notashelf",
        "repo": "nvf",
        "rev": "29f7eb8491d9833ee55006ab11169130a60c2652",
        "type": "github"
      },
      "original": {
        "owner": "notashelf",
        "repo": "nvf",
        "type": "github"
      }
    },
    "root": {
      "inputs": {
        "auto-dark-mode": "auto-dark-mode",
        "bencher": "bencher",
        "direnv-nvim": "direnv-nvim",
        "flake-parts": "flake-parts",
        "home-manager": "home-manager",
        "hyprshell": "hyprshell",
        "microvm": "microvm",
        "nixpkgs": "nixpkgs_2",
        "nixpkgs-master": "nixpkgs-master",
        "nixpkgs-unstable": "nixpkgs-unstable",
        "nvf": "nvf",
        "sops-nix": "sops-nix",
        "tmux-assistant-resurrect": "tmux-assistant-resurrect",
        "worktrunk": "worktrunk"
      }
    },
    "rust-overlay": {
      "inputs": {
        "nixpkgs": "nixpkgs"
      },
      "locked": {
        "lastModified": 1770260791,
        "narHash": "sha256-ADTBfENFjRVDQMcCycyX/pAy6NFI/Ct6Mrar3gsmXI0=",
        "owner": "oxalica",
        "repo": "rust-overlay",
        "rev": "42ec85352e419e601775c57256a52f6d48a39906",
        "type": "github"
      },
      "original": {
        "owner": "oxalica",
        "repo": "rust-overlay",
        "type": "github"
      }
    },
    "rust-overlay_2": {
      "inputs": {
        "nixpkgs": [
          "worktrunk",
          "nixpkgs"
        ]
      },
      "locked": {
        "lastModified": 1780370483,
        "narHash": "sha256-7mDa7OBAaf7MU6ZovT9ENfD62kH911SsSazBb4KTDF0=",
        "owner": "oxalica",
        "repo": "rust-overlay",
        "rev": "4a408e1fc99ad517b4cb402fd0de7464f40c05e1",
        "type": "github"
      },
      "original": {
        "owner": "oxalica",
        "repo": "rust-overlay",
        "type": "github"
      }
    },
    "sops-nix": {
      "inputs": {
        "nixpkgs": [
          "nixpkgs"
        ]
      },
      "locked": {
        "lastModified": 1776119890,
        "narHash": "sha256-Zm6bxLNnEOYuS/SzrAGsYuXSwk3cbkRQZY0fJnk8a5M=",
        "owner": "Mic92",
        "repo": "sops-nix",
        "rev": "d4971dd58c6627bfee52a1ad4237637c0a2fb0cd",
        "type": "github"
      },
      "original": {
        "owner": "Mic92",
        "repo": "sops-nix",
        "type": "github"
      }
    },
    "spectrum": {
      "flake": false,
      "locked": {
        "lastModified": 1778940603,
        "narHash": "sha256-voSM8dZNlaOWN3kbYFky+FNY6fFQOEw0xF+ZMpZKkCQ=",
        "ref": "refs/heads/main",
        "rev": "367dd227f539267eae2b62770b4c17b88ac8c1f1",
        "revCount": 1265,
        "type": "git",
        "url": "https://spectrum-os.org/git/spectrum"
      },
      "original": {
        "type": "git",
        "url": "https://spectrum-os.org/git/spectrum"
      }
    },
    "systems": {
      "locked": {
        "lastModified": 1681028828,
        "narHash": "sha256-Vy1rq5AaRuLzOxct8nz4T6wlgyUR7zLU309k9mBC768=",
        "owner": "nix-systems",
        "repo": "default",
        "rev": "da67096a3b9bf56a91d16901293e51ba5b49a27e",
        "type": "github"
      },
      "original": {
        "owner": "nix-systems",
        "repo": "default",
        "type": "github"
      }
    },
    "systems_2": {
      "locked": {
        "lastModified": 1681028828,
        "narHash": "sha256-Vy1rq5AaRuLzOxct8nz4T6wlgyUR7zLU309k9mBC768=",
        "owner": "nix-systems",
        "repo": "default",
        "rev": "da67096a3b9bf56a91d16901293e51ba5b49a27e",
        "type": "github"
      },
      "original": {
        "owner": "nix-systems",
        "repo": "default",
        "type": "github"
      }
    },
    "systems_3": {
      "locked": {
        "lastModified": 1681028828,
        "narHash": "sha256-Vy1rq5AaRuLzOxct8nz4T6wlgyUR7zLU309k9mBC768=",
        "owner": "nix-systems",
        "repo": "default",
        "rev": "da67096a3b9bf56a91d16901293e51ba5b49a27e",
        "type": "github"
      },
      "original": {
        "owner": "nix-systems",
        "repo": "default",
        "type": "github"
      }
    },
    "tmux-assistant-resurrect": {
      "flake": false,
      "locked": {
        "lastModified": 1790956409,
        "narHash": "sha256-rOAnpteCoVaajAHg8EwPNBJU3HasF5Zbm8KEPnxA12k=",
        "owner": "timvw",
        "repo": "tmux-assistant-resurrect",
        "rev": "a2bb0a4bd5786ea5ee93e104099a92e16f69e87c",
        "type": "github"
      },
      "original": {
        "owner": "timvw",
        "repo": "tmux-assistant-resurrect",
        "type": "github"
      }
    },
    "worktrunk": {
      "inputs": {
        "crane": "crane_2",
        "flake-utils": "flake-utils_2",
        "nixpkgs": [
          "nixpkgs"
        ],
        "rust-overlay": "rust-overlay_2"
      },
      "locked": {
        "lastModified": 1784753184,
        "narHash": "sha256-PYufLJbOofUdaLa6IDBzj8F5TSLzvZNnaozorqMcvxc=",
        "owner": "max-sixty",
        "repo": "worktrunk",
        "rev": "a3de0b0db67e5204248c755d35489ef537f01f1c",
        "type": "github"
      },
      "original": {
        "owner": "max-sixty",
        "repo": "worktrunk",
        "type": "github"
      }
    }
  },
  "root": "root",
  "version": 7
}
